
Microsoft Visual Studio Solution File, Format Version 12.00
# Visual Studio 15
VisualStudioVersion = 15.0.27130.0
MinimumVisualStudioVersion = 10.0.40219.1
Project("{FAE04EC0-301F-11D3-BF4B-00C04F79EFBC}") = "WindowsFormsApp4", "WindowsFormsApp4\WindowsFormsApp4.csproj", "{2C160310-365B-4E5C-A829-135808ECD363}"
EndProject
Global
	GlobalSection(SolutionConfigurationPlatforms) = preSolution
		Debug|Any CPU = Debug|Any CPU
		Release|Any CPU = Release|Any CPU
	EndGlobalSection
	GlobalSection(ProjectConfigurationPlatforms) = postSolution
		{2C160310-365B-4E5C-A829-135808ECD363}.Debug|Any CPU.ActiveCfg = Debug|Any CPU
		{2C160310-365B-4E5C-A829-135808ECD363}.Debug|Any CPU.Build.0 = Debug|Any CPU
		{2C160310-365B-4E5C-A829-135808ECD363}.Release|Any CPU.ActiveCfg = Release|Any CPU
		{2C160310-365B-4E5C-A829-135808ECD363}.Release|Any CPU.Build.0 = Release|Any CPU
	EndGlobalSection
	GlobalSection(SolutionProperties) = preSolution
		HideSolutionNode = FALSE
	EndGlobalSection
	GlobalSection(ExtensibilityGlobals) = postSolution
		SolutionGuid = {A1F5B746-A6B6-416C-8011-FFAE0AE1BC07}
	EndGlobalSection
EndGlobal
